
Microsoft Visual Studio Solution File, Format Version 12.00
# Visual Studio Version 16
VisualStudioVersion = 16.0.31829.152
MinimumVisualStudioVersion = 10.0.40219.1
Project("{FAE04EC0-301F-11D3-BF4B-00C04F79EFBC}") = "zara 099 web", "zara 099 web\zara 099 web.csproj", "{11A13358-EF66-4F0F-A1B5-FD55AD0695D4}"
EndProject
Global
	GlobalSection(SolutionConfigurationPlatforms) = preSolution
		Debug|Any CPU = Debug|Any CPU
		Release|Any CPU = Release|Any CPU
	EndGlobalSection
	GlobalSection(ProjectConfigurationPlatforms) = postSolution
		{11A13358-EF66-4F0F-A1B5-FD55AD0695D4}.Debug|Any CPU.ActiveCfg = Debug|Any CPU
		{11A13358-EF66-4F0F-A1B5-FD55AD0695D4}.Debug|Any CPU.Build.0 = Debug|Any CPU
		{11A13358-EF66-4F0F-A1B5-FD55AD0695D4}.Release|Any CPU.ActiveCfg = Release|Any CPU
		{11A13358-EF66-4F0F-A1B5-FD55AD0695D4}.Release|Any CPU.Build.0 = Release|Any CPU
	EndGlobalSection
	GlobalSection(SolutionProperties) = preSolution
		HideSolutionNode = FALSE
	EndGlobalSection
	GlobalSection(ExtensibilityGlobals) = postSolution
		SolutionGuid = {134E1793-46AC-4600-BA2A-290614A667B5}
	EndGlobalSection
EndGlobal
